
Microsoft Visual Studio Solution File, Format Version 12.00
# Visual Studio 15
VisualStudioVersion = 15.0.27703.2026
MinimumVisualStudioVersion = 10.0.40219.1
Project("{FAE04EC0-301F-11D3-BF4B-00C04F79EFBC}") = "LINQ_In_Manhatten", "LINQ_In_Manhatten\LINQ_In_Manhatten.csproj", "{639300BC-A620-4E34-BF56-4DDF66604B57}"
EndProject
Global
	GlobalSection(SolutionConfigurationPlatforms) = preSolution
		Debug|Any CPU = Debug|Any CPU
		Release|Any CPU = Release|Any CPU
	EndGlobalSection
	GlobalSection(ProjectConfigurationPlatforms) = postSolution
		{639300BC-A620-4E34-BF56-4DDF66604B57}.Debug|Any CPU.ActiveCfg = Debug|Any CPU
		{639300BC-A620-4E34-BF56-4DDF66604B57}.Debug|Any CPU.Build.0 = Debug|Any CPU
		{639300BC-A620-4E34-BF56-4DDF66604B57}.Release|Any CPU.ActiveCfg = Release|Any CPU
		{639300BC-A620-4E34-BF56-4DDF66604B57}.Release|Any CPU.Build.0 = Release|Any CPU
	EndGlobalSection
	GlobalSection(SolutionProperties) = preSolution
		HideSolutionNode = FALSE
	EndGlobalSection
	GlobalSection(ExtensibilityGlobals) = postSolution
		SolutionGuid = {A324BF21-D783-4AAD-A643-FC54A0251CD6}
	EndGlobalSection
EndGlobal
